{
  "name": "crowddeck",
  "version": "0.1.0",
  "lockfileVersion": 3,
  "requires": true,
  "packages": {
    "": {
      "name": "crowddeck",
      "version": "0.1.0",
      "license": "Apache-2.0",
      "devDependencies": {
        "jsqr": "^1.4.0"
      },
      "engines": {
        "node": ">=22.5.0"
      }
    },
    "node_modules/jsqr": {
      "version": "1.4.0",
      "resolved": "https://ms-feed-25.pkgs.visualstudio.com/1es-public/_packaging/npm-public/npm/registry/jsqr/-/jsqr-1.4.0.tgz",
      "integrity": "sha1-jvuNCnzGhjy22VEWuQaRI86estE=",
      "dev": true,
      "license": "Apache-2.0"
    }
  }
}
